
Microsoft Visual Studio Solution File, Format Version 12.00
# Visual Studio 15
VisualStudioVersion = 15.0.28307.1062
MinimumVisualStudioVersion = 10.0.40219.1
Project("{8BC9CEB8-8B4A-11D0-8D11-00A0C91BC942}") = "SN2019110701", "SN2019110701.vcxproj", "{BCC3EEA9-9A17-4AAB-AB25-E1B55ADA1DF3}"
EndProject
Global
	GlobalSection(SolutionConfigurationPlatforms) = preSolution
		Debug|x64 = Debug|x64
		Debug|x86 = Debug|x86
		Release|x64 = Release|x64
		Release|x86 = Release|x86
	EndGlobalSection
	GlobalSection(ProjectConfigurationPlatforms) = postSolution
		{BCC3EEA9-9A17-4AAB-AB25-E1B55ADA1DF3}.Debug|x64.ActiveCfg = Debug|x64
		{BCC3EEA9-9A17-4AAB-AB25-E1B55ADA1DF3}.Debug|x64.Build.0 = Debug|x64
		{BCC3EEA9-9A17-4AAB-AB25-E1B55ADA1DF3}.Debug|x86.ActiveCfg = Debug|Win32
		{BCC3EEA9-9A17-4AAB-AB25-E1B55ADA1DF3}.Debug|x86.Build.0 = Debug|Win32
		{BCC3EEA9-9A17-4AAB-AB25-E1B55ADA1DF3}.Release|x64.ActiveCfg = Release|x64
		{BCC3EEA9-9A17-4AAB-AB25-E1B55ADA1DF3}.Release|x64.Build.0 = Release|x64
		{BCC3EEA9-9A17-4AAB-AB25-E1B55ADA1DF3}.Release|x86.ActiveCfg = Release|Win32
		{BCC3EEA9-9A17-4AAB-AB25-E1B55ADA1DF3}.Release|x86.Build.0 = Release|Win32
	EndGlobalSection
	GlobalSection(SolutionProperties) = preSolution
		HideSolutionNode = FALSE
	EndGlobalSection
	GlobalSection(ExtensibilityGlobals) = postSolution
		SolutionGuid = {30AB7F2F-8F5C-4B89-955E-A1393C3BEFB7}
	EndGlobalSection
EndGlobal
